// !$*UTF8*$!
{
	archiveVersion = 1;
	classes = {
	};
	objectVersion = 47;
	objects = {

/* Begin PBXBuildFile section */
		8C5A7D7D1D36DDBC0062CBFD /* AppDelegate.swift in Sources */ = {isa = PBXBuildFile; fileRef = 8C5A7D7C1D36DDBC0062CBFD /* AppDelegate.swift */; };
		8C5A7D7F1D36DDBC0062CBFD /* MealViewController.swift in Sources */ = {isa = PBXBuildFile; fileRef = 8C5A7D7E1D36DDBC0062CBFD /* MealViewController.swift */; };
		8C5A7D821D36DDBC0062CBFD /* Main.storyboard in Resources */ = {isa = PBXBuildFile; fileRef = 8C5A7D801D36DDBC0062CBFD /* Main.storyboard */; };
		8C5A7D841D36DDBC0062CBFD /* Assets.xcassets in Resources */ = {isa = PBXBuildFile; fileRef = 8C5A7D831D36DDBC0062CBFD /* Assets.xcassets */; };
		8C5A7D871D36DDBC0062CBFD /* LaunchScreen.storyboard in Resources */ = {isa = PBXBuildFile; fileRef = 8C5A7D851D36DDBC0062CBFD /* LaunchScreen.storyboard */; };
		8C5A7D921D36DDBC0062CBFD /* FoodTrackerTests.swift in Sources */ = {isa = PBXBuildFile; fileRef = 8C5A7D911D36DDBC0062CBFD /* FoodTrackerTests.swift */; };
		8C5A7D9D1D370C090062CBFD /* RatingControl.swift in Sources */ = {isa = PBXBuildFile; fileRef = 8C5A7D9C1D370C090062CBFD /* RatingControl.swift */; };
		8C5A7D9F1D3811C10062CBFD /* Images in Resources */ = {isa = PBXBuildFile; fileRef = 8C5A7D9E1D3811C10062CBFD /* Images */; };
		8C5A7DA11D381BFC0062CBFD /* Meal.swift in Sources */ = {isa = PBXBuildFile; fileRef = 8C5A7DA01D381BFC0062CBFD /* Meal.swift */; };
		8C5A7DA31D3824010062CBFD /* MealTableViewCell.swift in Sources */ = {isa = PBXBuildFile; fileRef = 8C5A7DA21D3824010062CBFD /* MealTableViewCell.swift */; };
		8C5A7DA51D38356D0062CBFD /* MealTableViewController.swift in Sources */ = {isa = PBXBuildFile; fileRef = 8C5A7DA41D38356D0062CBFD /* MealTableViewController.swift */; };
/* End PBXBuildFile section */

/* Begin PBXContainerItemProxy section */
		8C5A7D8E1D36DDBC0062CBFD /* PBXContainerItemProxy */ = {
			isa = PBXContainerItemProxy;
			containerPortal = 8C5A7D711D36DDBC0062CBFD /* Project object */;
			proxyType = 1;
			remoteGlobalIDString = 8C5A7D781D36DDBC0062CBFD;
			remoteInfo = FoodTracker;
		};
/* End PBXContainerItemProxy section */

/* Begin PBXFileReference section */
		8C5A7D791D36DDBC0062CBFD /* FoodTracker.app */ = {isa = PBXFileReference; explicitFileType = wrapper.application; includeInIndex = 0; path = FoodTracker.app; sourceTree = BUILT_PRODUCTS_DIR; };
		8C5A7D7C1D36DDBC0062CBFD /* AppDelegate.swift */ = {isa = PBXFileReference; lastKnownFileType = sourcecode.swift; path = AppDelegate.swift; sourceTree = "<group>"; };
		8C5A7D7E1D36DDBC0062CBFD /* MealViewController.swift */ = {isa = PBXFileReference; lastKnownFileType = sourcecode.swift; path = MealViewController.swift; sourceTree = "<group>"; };
		8C5A7D811D36DDBC0062CBFD /* Base */ = {isa = PBXFileReference; lastKnownFileType = file.storyboard; name = Base; path = Base.lproj/Main.storyboard; sourceTree = "<group>"; };
		8C5A7D831D36DDBC0062CBFD /* Assets.xcassets */ = {isa = PBXFileReference; lastKnownFileType = folder.assetcatalog; path = Assets.xcassets; sourceTree = "<group>"; };
		8C5A7D861D36DDBC0062CBFD /* Base */ = {isa = PBXFileReference; lastKnownFileType = file.storyboard; name = Base; path = Base.lproj/LaunchScreen.storyboard; sourceTree = "<group>"; };
		8C5A7D881D36DDBC0062CBFD /* Info.plist */ = {isa = PBXFileReference; lastKnownFileType = text.plist.xml; path = Info.plist; sourceTree = "<group>"; };
		8C5A7D8D1D36DDBC0062CBFD /* FoodTrackerTests.xctest */ = {isa = PBXFileReference; explicitFileType = wrapper.cfbundle; includeInIndex = 0; path = FoodTrackerTests.xctest; sourceTree = BUILT_PRODUCTS_DIR; };
		8C5A7D911D36DDBC0062CBFD /* FoodTrackerTests.swift */ = {isa = PBXFileReference; lastKnownFileType = sourcecode.swift; path = FoodTrackerTests.swift; sourceTree = "<group>"; };
		8C5A7D931D36DDBC0062CBFD /* Info.plist */ = {isa = PBXFileReference; lastKnownFileType = text.plist.xml; path = Info.plist; sourceTree = "<group>"; };
		8C5A7D9C1D370C090062CBFD /* RatingControl.swift */ = {isa = PBXFileReference; fileEncoding = 4; lastKnownFileType = sourcecode.swift; path = RatingControl.swift; sourceTree = "<group>"; };
		8C5A7D9E1D3811C10062CBFD /* Images */ = {isa = PBXFileReference; lastKnownFileType = folder; name = Images; path = ../Images; sourceTree = "<group>"; };
		8C5A7DA01D381BFC0062CBFD /* Meal.swift */ = {isa = PBXFileReference; fileEncoding = 4; lastKnownFileType = sourcecode.swift; path = Meal.swift; sourceTree = "<group>"; };
		8C5A7DA21D3824010062CBFD /* MealTableViewCell.swift */ = {isa = PBXFileReference; fileEncoding = 4; lastKnownFileType = sourcecode.swift; path = MealTableViewCell.swift; sourceTree = "<group>"; };
		8C5A7DA41D38356D0062CBFD /* MealTableViewController.swift */ = {isa = PBXFileReference; fileEncoding = 4; lastKnownFileType = sourcecode.swift; path = MealTableViewController.swift; sourceTree = "<group>"; };
/* End PBXFileReference section */

/* Begin PBXFrameworksBuildPhase section */
		8C5A7D761D36DDBC0062CBFD /* Frameworks */ = {
			isa = PBXFrameworksBuildPhase;
			buildActionMask = 2147483647;
			files = (
			);
			runOnlyForDeploymentPostprocessing = 0;
		};
		8C5A7D8A1D36DDBC0062CBFD /* Frameworks */ = {
			isa = PBXFrameworksBuildPhase;
			buildActionMask = 2147483647;
			files = (
			);
			runOnlyForDeploymentPostprocessing = 0;
		};
/* End PBXFrameworksBuildPhase section */

/* Begin PBXGroup section */
		8C5A7D701D36DDBC0062CBFD = {
			isa = PBXGroup;
			children = (
				8C5A7D7B1D36DDBC0062CBFD /* FoodTracker */,
				8C5A7D901D36DDBC0062CBFD /* FoodTrackerTests */,
				8C5A7D7A1D36DDBC0062CBFD /* Products */,
			);
			sourceTree = "<group>";
		};
		8C5A7D7A1D36DDBC0062CBFD /* Products */ = {
			isa = PBXGroup;
			children = (
				8C5A7D791D36DDBC0062CBFD /* FoodTracker.app */,
				8C5A7D8D1D36DDBC0062CBFD /* FoodTrackerTests.xctest */,
			);
			name = Products;
			sourceTree = "<group>";
		};
		8C5A7D7B1D36DDBC0062CBFD /* FoodTracker */ = {
			isa = PBXGroup;
			children = (
				8C5A7D9E1D3811C10062CBFD /* Images */,
				8C5A7D7C1D36DDBC0062CBFD /* AppDelegate.swift */,
				8C5A7D7E1D36DDBC0062CBFD /* MealViewController.swift */,
				8C5A7D801D36DDBC0062CBFD /* Main.storyboard */,
				8C5A7DA41D38356D0062CBFD /* MealTableViewController.swift */,
				8C5A7DA21D3824010062CBFD /* MealTableViewCell.swift */,
				8C5A7DA01D381BFC0062CBFD /* Meal.swift */,
				8C5A7D831D36DDBC0062CBFD /* Assets.xcassets */,
				8C5A7D851D36DDBC0062CBFD /* LaunchScreen.storyboard */,
				8C5A7D881D36DDBC0062CBFD /* Info.plist */,
				8C5A7D9C1D370C090062CBFD /* RatingControl.swift */,
			);
			path = FoodTracker;
			sourceTree = "<group>";
		};
		8C5A7D901D36DDBC0062CBFD /* FoodTrackerTests */ = {
			isa = PBXGroup;
			children = (
				8C5A7D911D36DDBC0062CBFD /* FoodTrackerTests.swift */,
				8C5A7D931D36DDBC0062CBFD /* Info.plist */,
			);
			path = FoodTrackerTests;
			sourceTree = "<group>";
		};
/* End PBXGroup section */

/* Begin PBXNativeTarget section */
		8C5A7D781D36DDBC0062CBFD /* FoodTracker */ = {
			isa = PBXNativeTarget;
			buildConfigurationList = 8C5A7D961D36DDBC0062CBFD /* Build configuration list for PBXNativeTarget "FoodTracker" */;
			buildPhases = (
				8C5A7D751D36DDBC0062CBFD /* Sources */,
				8C5A7D761D36DDBC0062CBFD /* Frameworks */,
				8C5A7D771D36DDBC0062CBFD /* Resources */,
			);
			buildRules = (
			);
			dependencies = (
			);
			name = FoodTracker;
			productName = FoodTracker;
			productReference = 8C5A7D791D36DDBC0062CBFD /* FoodTracker.app */;
			productType = "com.apple.product-type.application";
		};
		8C5A7D8C1D36DDBC0062CBFD /* FoodTrackerTests */ = {
			isa = PBXNativeTarget;
			buildConfigurationList = 8C5A7D991D36DDBC0062CBFD /* Build configuration list for PBXNativeTarget "FoodTrackerTests" */;
			buildPhases = (
				8C5A7D891D36DDBC0062CBFD /* Sources */,
				8C5A7D8A1D36DDBC0062CBFD /* Frameworks */,
				8C5A7D8B1D36DDBC0062CBFD /* Resources */,
			);
			buildRules = (
			);
			dependencies = (
				8C5A7D8F1D36DDBC0062CBFD /* PBXTargetDependency */,
			);
			name = FoodTrackerTests;
			productName = FoodTrackerTests;
			productReference = 8C5A7D8D1D36DDBC0062CBFD /* FoodTrackerTests.xctest */;
			productType = "com.apple.product-type.bundle.unit-test";
		};
/* End PBXNativeTarget section */

/* Begin PBXProject section */
		8C5A7D711D36DDBC0062CBFD /* Project object */ = {
			isa = PBXProject;
			attributes = {
				LastSwiftUpdateCheck = 0800;
				LastUpgradeCheck = 0800;
				ORGANIZATIONNAME = "Andrew Abraham";
				TargetAttributes = {
					8C5A7D781D36DDBC0062CBFD = {
						CreatedOnToolsVersion = 8.0;
						DevelopmentTeam = F4DLYVJW97;
						DevelopmentTeamName = "Andrew Abraham";
						ProvisioningStyle = Automatic;
					};
					8C5A7D8C1D36DDBC0062CBFD = {
						CreatedOnToolsVersion = 8.0;
						ProvisioningStyle = Automatic;
						TestTargetID = 8C5A7D781D36DDBC0062CBFD;
					};
				};
			};
			buildConfigurationList = 8C5A7D741D36DDBC0062CBFD /* Build configuration list for PBXProject "FoodTracker" */;
			compatibilityVersion = "Xcode 6.3";
			developmentRegion = English;
			hasScannedForEncodings = 0;
			knownRegions = (
				en,
				Base,
			);
			mainGroup = 8C5A7D701D36DDBC0062CBFD;
			productRefGroup = 8C5A7D7A1D36DDBC0062CBFD /* Products */;
			projectDirPath = "";
			projectRoot = "";
			targets = (
				8C5A7D781D36DDBC0062CBFD /* FoodTracker */,
				8C5A7D8C1D36DDBC0062CBFD /* FoodTrackerTests */,
			);
		};
/* End PBXProject section */

/* Begin PBXResourcesBuildPhase section */
		8C5A7D771D36DDBC0062CBFD /* Resources */ = {
			isa = PBXResourcesBuildPhase;
			buildActionMask = 2147483647;
			files = (
				8C5A7D9F1D3811C10062CBFD /* Images in Resources */,
				8C5A7D871D36DDBC0062CBFD /* LaunchScreen.storyboard in Resources */,
				8C5A7D841D36DDBC0062CBFD /* Assets.xcassets in Resources */,
				8C5A7D821D36DDBC0062CBFD /* Main.storyboard in Resources */,
			);
			runOnlyForDeploymentPostprocessing = 0;
		};
		8C5A7D8B1D36DDBC0062CBFD /* Resources */ = {
			isa = PBXResourcesBuildPhase;
			buildActionMask = 2147483647;
			files = (
			);
			runOnlyForDeploymentPostprocessing = 0;
		};
/* End PBXResourcesBuildPhase section */

/* Begin PBXSourcesBuildPhase section */
		8C5A7D751D36DDBC0062CBFD /* Sources */ = {
			isa = PBXSourcesBuildPhase;
			buildActionMask = 2147483647;
			files = (
				8C5A7DA11D381BFC0062CBFD /* Meal.swift in Sources */,
				8C5A7D7F1D36DDBC0062CBFD /* MealViewController.swift in Sources */,
				8C5A7D9D1D370C090062CBFD /* RatingControl.swift in Sources */,
				8C5A7D7D1D36DDBC0062CBFD /* AppDelegate.swift in Sources */,
				8C5A7DA51D38356D0062CBFD /* MealTableViewController.swift in Sources */,
				8C5A7DA31D3824010062CBFD /* MealTableViewCell.swift in Sources */,
			);
			runOnlyForDeploymentPostprocessing = 0;
		};
		8C5A7D891D36DDBC0062CBFD /* Sources */ = {
			isa = PBXSourcesBuildPhase;
			buildActionMask = 2147483647;
			files = (
				8C5A7D921D36DDBC0062CBFD /* FoodTrackerTests.swift in Sources */,
			);
			runOnlyForDeploymentPostprocessing = 0;
		};
/* End PBXSourcesBuildPhase section */

/* Begin PBXTargetDependency section */
		8C5A7D8F1D36DDBC0062CBFD /* PBXTargetDependency */ = {
			isa = PBXTargetDependency;
			target = 8C5A7D781D36DDBC0062CBFD /* FoodTracker */;
			targetProxy = 8C5A7D8E1D36DDBC0062CBFD /* PBXContainerItemProxy */;
		};
/* End PBXTargetDependency section */

/* Begin PBXVariantGroup section */
		8C5A7D801D36DDBC0062CBFD /* Main.storyboard */ = {
			isa = PBXVariantGroup;
			children = (
				8C5A7D811D36DDBC0062CBFD /* Base */,
			);
			name = Main.storyboard;
			sourceTree = "<group>";
		};
		8C5A7D851D36DDBC0062CBFD /* LaunchScreen.storyboard */ = {
			isa = PBXVariantGroup;
			children = (
				8C5A7D861D36DDBC0062CBFD /* Base */,
			);
			name = LaunchScreen.storyboard;
			sourceTree = "<group>";
		};
/* End PBXVariantGroup section */

/* Begin XCBuildConfiguration section */
		8C5A7D941D36DDBC0062CBFD /* Debug */ = {
			isa = XCBuildConfiguration;
			buildSettings = {
				ALWAYS_SEARCH_USER_PATHS = NO;
				CLANG_ANALYZER_NONNULL = YES;
				CLANG_CXX_LANGUAGE_STANDARD = "gnu++0x";
				CLANG_CXX_LIBRARY = "libc++";
				CLANG_ENABLE_MODULES = YES;
				CLANG_ENABLE_OBJC_ARC = YES;
				CLANG_WARN_BOOL_CONVERSION = YES;
				CLANG_WARN_CONSTANT_CONVERSION = YES;
				CLANG_WARN_DIRECT_OBJC_ISA_USAGE = YES_ERROR;
				CLANG_WARN_DOCUMENTATION_COMMENTS = YES;
				CLANG_WARN_EMPTY_BODY = YES;
				CLANG_WARN_ENUM_CONVERSION = YES;
				CLANG_WARN_INT_CONVERSION = YES;
				CLANG_WARN_OBJC_ROOT_CLASS = YES_ERROR;
				CLANG_WARN_UNREACHABLE_CODE = YES;
				CLANG_WARN__DUPLICATE_METHOD_MATCH = YES;
				"CODE_SIGN_IDENTITY[sdk=iphoneos*]" = "iPhone Developer";
				COPY_PHASE_STRIP = NO;
				DEBUG_INFORMATION_FORMAT = dwarf;
				ENABLE_STRICT_OBJC_MSGSEND = YES;
				ENABLE_TESTABILITY = YES;
				GCC_C_LANGUAGE_STANDARD = gnu99;
				GCC_DYNAMIC_NO_PIC = NO;
				GCC_NO_COMMON_BLOCKS = YES;
				GCC_OPTIMIZATION_LEVEL = 0;
				GCC_PREPROCESSOR_DEFINITIONS = (
					"DEBUG=1",
					"$(inherited)",
				);
				GCC_WARN_64_TO_32_BIT_CONVERSION = YES;
				GCC_WARN_ABOUT_RETURN_TYPE = YES_ERROR;
				GCC_WARN_UNDECLARED_SELECTOR = YES;
				GCC_WARN_UNINITIALIZED_AUTOS = YES_AGGRESSIVE;
				GCC_WARN_UNUSED_FUNCTION = YES;
				GCC_WARN_UNUSED_VARIABLE = YES;
				IPHONEOS_DEPLOYMENT_TARGET = 10.0;
				MTL_ENABLE_DEBUG_INFO = YES;
				ONLY_ACTIVE_ARCH = YES;
				SDKROOT = iphoneos;
				SWIFT_ACTIVE_COMPILATION_CONDITIONS = DEBUG;
				SWIFT_OPTIMIZATION_LEVEL = "-Onone";
				TARGETED_DEVICE_FAMILY = "1,2";
			};
			name = Debug;
		};
		8C5A7D951D36DDBC0062CBFD /* Release */ = {
			isa = XCBuildConfiguration;
			buildSettings = {
				ALWAYS_SEARCH_USER_PATHS = NO;
				CLANG_ANALYZER_NONNULL = YES;
				CLANG_CXX_LANGUAGE_STANDARD = "gnu++0x";
				CLANG_CXX_LIBRARY = "libc++";
				CLANG_ENABLE_MODULES = YES;
				CLANG_ENABLE_OBJC_ARC = YES;
				CLANG_WARN_BOOL_CONVERSION = YES;
				CLANG_WARN_CONSTANT_CONVERSION = YES;
				CLANG_WARN_DIRECT_OBJC_ISA_USAGE = YES_ERROR;
				CLANG_WARN_DOCUMENTATION_COMMENTS = YES;
				CLANG_WARN_EMPTY_BODY = YES;
				CLANG_WARN_ENUM_CONVERSION = YES;
				CLANG_WARN_INT_CONVERSION = YES;
				CLANG_WARN_OBJC_ROOT_CLASS = YES_ERROR;
				CLANG_WARN_UNREACHABLE_CODE = YES;
				CLANG_WARN__DUPLICATE_METHOD_MATCH = YES;
				"CODE_SIGN_IDENTITY[sdk=iphoneos*]" = "iPhone Developer";
				COPY_PHASE_STRIP = NO;
				DEBUG_INFORMATION_FORMAT = "dwarf-with-dsym";
				ENABLE_NS_ASSERTIONS = NO;
				ENABLE_STRICT_OBJC_MSGSEND = YES;
				GCC_C_LANGUAGE_STANDARD = gnu99;
				GCC_NO_COMMON_BLOCKS = YES;
				GCC_WARN_64_TO_32_BIT_CONVERSION = YES;
				GCC_WARN_ABOUT_RETURN_TYPE = YES_ERROR;
				GCC_WARN_UNDECLARED_SELECTOR = YES;
				GCC_WARN_UNINITIALIZED_AUTOS = YES_AGGRESSIVE;
				GCC_WARN_UNUSED_FUNCTION = YES;
				GCC_WARN_UNUSED_VARIABLE = YES;
				IPHONEOS_DEPLOYMENT_TARGET = 10.0;
				MTL_ENABLE_DEBUG_INFO = NO;
				SDKROOT = iphoneos;
				SWIFT_OPTIMIZATION_LEVEL = "-Owholemodule";
				TARGETED_DEVICE_FAMILY = "1,2";
				VALIDATE_PRODUCT = YES;
			};
			name = Release;
		};
		8C5A7D971D36DDBC0062CBFD /* Debug */ = {
			isa = XCBuildConfiguration;
			buildSettings = {
				ASSETCATALOG_COMPILER_APPICON_NAME = AppIcon;
				INFOPLIST_FILE = FoodTracker/Info.plist;
				LD_RUNPATH_SEARCH_PATHS = "$(inherited) @executable_path/Frameworks";
				PRODUCT_BUNDLE_IDENTIFIER = com.example.FoodTracker;
				PRODUCT_NAME = "$(TARGET_NAME)";
				SWIFT_VERSION = 3.0;
			};
			name = Debug;
		};
		8C5A7D981D36DDBC0062CBFD /* Release */ = {
			isa = XCBuildConfiguration;
			buildSettings = {
				ASSETCATALOG_COMPILER_APPICON_NAME = AppIcon;
				INFOPLIST_FILE = FoodTracker/Info.plist;
				LD_RUNPATH_SEARCH_PATHS = "$(inherited) @executable_path/Frameworks";
				PRODUCT_BUNDLE_IDENTIFIER = com.example.FoodTracker;
				PRODUCT_NAME = "$(TARGET_NAME)";
				SWIFT_VERSION = 3.0;
			};
			name = Release;
		};
		8C5A7D9A1D36DDBC0062CBFD /* Debug */ = {
			isa = XCBuildConfiguration;
			buildSettings = {
				BUNDLE_LOADER = "$(TEST_HOST)";
				INFOPLIST_FILE = FoodTrackerTests/Info.plist;
				LD_RUNPATH_SEARCH_PATHS = "$(inherited) @executable_path/Frameworks @loader_path/Frameworks";
				PRODUCT_BUNDLE_IDENTIFIER = com.example.FoodTrackerTests;
				PRODUCT_NAME = "$(TARGET_NAME)";
				SWIFT_VERSION = 3.0;
				TEST_HOST = "$(BUILT_PRODUCTS_DIR)/FoodTracker.app/FoodTracker";
			};
			name = Debug;
		};
		8C5A7D9B1D36DDBC0062CBFD /* Release */ = {
			isa = XCBuildConfiguration;
			buildSettings = {
				BUNDLE_LOADER = "$(TEST_HOST)";
				INFOPLIST_FILE = FoodTrackerTests/Info.plist;
				LD_RUNPATH_SEARCH_PATHS = "$(inherited) @executable_path/Frameworks @loader_path/Frameworks";
				PRODUCT_BUNDLE_IDENTIFIER = com.example.FoodTrackerTests;
				PRODUCT_NAME = "$(TARGET_NAME)";
				SWIFT_VERSION = 3.0;
				TEST_HOST = "$(BUILT_PRODUCTS_DIR)/FoodTracker.app/FoodTracker";
			};
			name = Release;
		};
/* End XCBuildConfiguration section */

/* Begin XCConfigurationList section */
		8C5A7D741D36DDBC0062CBFD /* Build configuration list for PBXProject "FoodTracker" */ = {
			isa = XCConfigurationList;
			buildConfigurations = (
				8C5A7D941D36DDBC0062CBFD /* Debug */,
				8C5A7D951D36DDBC0062CBFD /* Release */,
			);
			defaultConfigurationIsVisible = 0;
			defaultConfigurationName = Release;
		};
		8C5A7D961D36DDBC0062CBFD /* Build configuration list for PBXNativeTarget "FoodTracker" */ = {
			isa = XCConfigurationList;
			buildConfigurations = (
				8C5A7D971D36DDBC0062CBFD /* Debug */,
				8C5A7D981D36DDBC0062CBFD /* Release */,
			);
			defaultConfigurationIsVisible = 0;
			defaultConfigurationName = Release;
		};
		8C5A7D991D36DDBC0062CBFD /* Build configuration list for PBXNativeTarget "FoodTrackerTests" */ = {
			isa = XCConfigurationList;
			buildConfigurations = (
				8C5A7D9A1D36DDBC0062CBFD /* Debug */,
				8C5A7D9B1D36DDBC0062CBFD /* Release */,
			);
			defaultConfigurationIsVisible = 0;
			defaultConfigurationName = Release;
		};
/* End XCConfigurationList section */
	};
	rootObject = 8C5A7D711D36DDBC0062CBFD /* Project object */;
}
